{
  "requires": true,
  "lockfileVersion": 1,
  "dependencies": {
    "browser-detect": {
      "version": "0.2.28",
      "resolved": "https://registry.npmjs.org/browser-detect/-/browser-detect-0.2.28.tgz",
      "integrity": "sha512-KeWGHqYQmHDkCFG2dIiX/2wFUgqevbw/rd6wNi9N6rZbaSJFtG5kel0HtprRwCGp8sqpQP79LzDJXf/WCx4WAw==",
      "requires": {
        "core-js": "^2.5.7"
      }
    },
    "core-js": {
      "version": "2.5.7",
      "resolved": "https://registry.npmjs.org/core-js/-/core-js-2.5.7.tgz",
      "integrity": "sha512-RszJCAxg/PP6uzXVXL6BsxSXx/B05oJAQ2vkJRjyjrEcNVycaqOmNb5OTxZPE3xa5gwZduqza6L9JOCenh/Ecw=="
    }
  }
}
